
Microsoft Visual Studio Solution File, Format Version 12.00
# Visual Studio Version 17
VisualStudioVersion = 17.3.32825.248
MinimumVisualStudioVersion = 10.0.40219.1
Project("{9A19103F-16F7-4668-BE54-9A1E7A4F7556}") = "SampleDeploymentConsoleApp", "SampleDeploymentConsoleApp\SampleDeploymentConsoleApp.csproj", "{B9729A8F-7DCA-4AC3-86C4-B477F892C895}"
EndProject
Global
	GlobalSection(SolutionConfigurationPlatforms) = preSolution
		Debug|Any CPU = Debug|Any CPU
		Release|Any CPU = Release|Any CPU
	EndGlobalSection
	GlobalSection(ProjectConfigurationPlatforms) = postSolution
		{B9729A8F-7DCA-4AC3-86C4-B477F892C895}.Debug|Any CPU.ActiveCfg = Debug|Any CPU
		{B9729A8F-7DCA-4AC3-86C4-B477F892C895}.Debug|Any CPU.Build.0 = Debug|Any CPU
		{B9729A8F-7DCA-4AC3-86C4-B477F892C895}.Release|Any CPU.ActiveCfg = Release|Any CPU
		{B9729A8F-7DCA-4AC3-86C4-B477F892C895}.Release|Any CPU.Build.0 = Release|Any CPU
	EndGlobalSection
	GlobalSection(SolutionProperties) = preSolution
		HideSolutionNode = FALSE
	EndGlobalSection
	GlobalSection(ExtensibilityGlobals) = postSolution
		SolutionGuid = {C03F8187-BF11-4A76-898B-F33E8710A97C}
	EndGlobalSection
EndGlobal
